
Microsoft Visual Studio Solution File, Format Version 12.00
# Visual Studio 15
VisualStudioVersion = 15.0.28307.438
MinimumVisualStudioVersion = 10.0.40219.1
Project("{FAE04EC0-301F-11D3-BF4B-00C04F79EFBC}") = "EncapsulateCollection", "EncapsulateCollection\EncapsulateCollection.csproj", "{7975AC26-D11A-444D-AEEC-09C47CCAB034}"
EndProject
Project("{FAE04EC0-301F-11D3-BF4B-00C04F79EFBC}") = "MoveMethod", "MoveMethod\MoveMethod.csproj", "{1A10BCFD-9091-414D-9CE8-5027726C9688}"
EndProject
Global
	GlobalSection(SolutionConfigurationPlatforms) = preSolution
		Debug|Any CPU = Debug|Any CPU
		Release|Any CPU = Release|Any CPU
	EndGlobalSection
	GlobalSection(ProjectConfigurationPlatforms) = postSolution
		{7975AC26-D11A-444D-AEEC-09C47CCAB034}.Debug|Any CPU.ActiveCfg = Debug|Any CPU
		{7975AC26-D11A-444D-AEEC-09C47CCAB034}.Debug|Any CPU.Build.0 = Debug|Any CPU
		{7975AC26-D11A-444D-AEEC-09C47CCAB034}.Release|Any CPU.ActiveCfg = Release|Any CPU
		{7975AC26-D11A-444D-AEEC-09C47CCAB034}.Release|Any CPU.Build.0 = Release|Any CPU
		{1A10BCFD-9091-414D-9CE8-5027726C9688}.Debug|Any CPU.ActiveCfg = Debug|Any CPU
		{1A10BCFD-9091-414D-9CE8-5027726C9688}.Debug|Any CPU.Build.0 = Debug|Any CPU
		{1A10BCFD-9091-414D-9CE8-5027726C9688}.Release|Any CPU.ActiveCfg = Release|Any CPU
		{1A10BCFD-9091-414D-9CE8-5027726C9688}.Release|Any CPU.Build.0 = Release|Any CPU
	EndGlobalSection
	GlobalSection(SolutionProperties) = preSolution
		HideSolutionNode = FALSE
	EndGlobalSection
	GlobalSection(ExtensibilityGlobals) = postSolution
		SolutionGuid = {0C6564C8-04CF-4583-9792-4D2319DB557D}
	EndGlobalSection
EndGlobal
